lockfileVersion: '9.0'

settings:
  autoInstallPeers: true
  excludeLinksFromLockfile: false

importers:

  .:
    dependencies:
      '@tailwindcss/postcss':
        specifier: 4.0.0-alpha.14
        version: 4.0.0-alpha.14(postcss@8.4.38)
      framer-motion:
        specifier: ^11.1.7
        version: 11.1.7(react-dom@18.2.0(react@18.2.0))(react@18.2.0)
      next:
        specifier: canary
        version: 14.3.0-canary.14(react-dom@18.2.0(react@18.2.0))(react@18.2.0)
      posthog-js:
        specifier: ^1.128.1
        version: 1.128.1
      react:
        specifier: ^18.2.0
        version: 18.2.0
      react-dom:
        specifier: ^18.2.0
        version: 18.2.0(react@18.2.0)
    devDependencies:
      '@biomejs/biome':
        specifier: ^1.7.2
        version: 1.7.2
      '@types/node':
        specifier: ^20.12.7
        version: 20.12.7
      '@types/react':
        specifier: ^18.2.79
        version: 18.2.79
      '@types/react-dom':
        specifier: ^18.2.25
        version: 18.2.25
      autoprefixer:
        specifier: ^10.4.19
        version: 10.4.19(postcss@8.4.38)
      postcss:
        specifier: ^8.4.38
        version: 8.4.38
      tailwindcss:
        specifier: 4.0.0-alpha.14
        version: 4.0.0-alpha.14
      typescript:
        specifier: ^5.4.5
        version: 5.4.5

packages:

  '@biomejs/biome@1.7.2':
    resolution: {integrity: sha512-6Skx9N47inLQzYi9RKgJ7PBnUnaHnMe/imqX43cOcJjZtfMnQLxEvfM2Eyo7gChkwrZlwc+VbA4huFRjw2fsYA==}
    engines: {node: '>=14.21.3'}
    hasBin: true

  '@biomejs/cli-darwin-arm64@1.7.2':
    resolution: {integrity: sha512-CrldIueHivWEWmeTkK8bTXajeX53F8i2Rrkkt8cPZyMtzkrwxf8Riq4a/jz3SQBHkxHFT4TqGbSTNMXe3X1ogA==}
    engines: {node: '>=14.21.3'}
    cpu: [arm64]
    os: [darwin]

  '@biomejs/cli-darwin-x64@1.7.2':
    resolution: {integrity: sha512-UELnLJuJOsTL9meArvn8BtiXDURyPil2Ej9me2uVpEvee8UQdqd/bssP5we400OWShlL1AAML4fn6d2WX5332g==}
    engines: {node: '>=14.21.3'}
    cpu: [x64]
    os: [darwin]

  '@biomejs/cli-linux-arm64-musl@1.7.2':
    resolution: {integrity: sha512-kKYZiem7Sj7wI0dpVxJlK7C+TFQwzO/ctufIGXGJAyEmUe9vEKSzV8CXpv+JIRiTWyqaZJ4K+eHz4SPdPCv05w==}
    engines: {node: '>=14.21.3'}
    cpu: [arm64]
    os: [linux]

  '@biomejs/cli-linux-arm64@1.7.2':
    resolution: {integrity: sha512-Z1CSGQE6fHz55gkiFHv9E8wEAaSUd7dHSRaxSCBa7utonHqpIeMbvj3Evm1w0WfGLFDtRXLV1fTfEdM0FMTOhA==}
    engines: {node: '>=14.21.3'}
    cpu: [arm64]
    os: [linux]

  '@biomejs/cli-linux-x64-musl@1.7.2':
    resolution: {integrity: sha512-x10LpGMepDrLS+h2TZ6/T7egpHjGKtiI4GuShNylmBQJWfTotbFf9eseHggrqJ4WZf9yrGoVYrtbxXftuB95sQ==}
    engines: {node: '>=14.21.3'}
    cpu: [x64]
    os: [linux]

  '@biomejs/cli-linux-x64@1.7.2':
    resolution: {integrity: sha512-vXXyox8/CQijBxAu0+r8FfSO7JlC4tob3PbaFda8gPJFRz2uFJw39HtxVUwbTV1EcU6wSPh4SiRu5sZfP1VHrQ==}
    engines: {node: '>=14.21.3'}
    cpu: [x64]
    os: [linux]

  '@biomejs/cli-win32-arm64@1.7.2':
    resolution: {integrity: sha512-kRXdlKzcU7INf6/ldu0nVmkOgt7bKqmyXRRCUqqaJfA32+9InTbkD8tGrHZEVYIWr+eTuKcg16qZVDsPSDFZ8g==}
    engines: {node: '>=14.21.3'}
    cpu: [arm64]
    os: [win32]

  '@biomejs/cli-win32-x64@1.7.2':
    resolution: {integrity: sha512-qHTtpAs+CNglAAuaTy09htoqUhrQyd3nd0aGTuLNqD10h1llMVi8WFZfoa+e5MuDSfYtMK6nW2Tbf6WgzzR1Qw==}
    engines: {node: '>=14.21.3'}
    cpu: [x64]
    os: [win32]

  '@next/env@14.3.0-canary.14':
    resolution: {integrity: sha512-HBkhmrhTPLH2TJFStlYY/xdgzV56tLIUvOEQ6kUE74V5mZ+yazq19uHrzn8QCa0pcl9eA33pAQl5zN78MGkeEQ==}

  '@next/swc-darwin-arm64@14.3.0-canary.14':
    resolution: {integrity: sha512-ZynhHBaR3HA0dimC+xVgCxdHgQPg/31rRj6K8EioyKpuNiuK5kZeHRwpATJlFlCk3h7iFWGZnB/CCQFMRvDmCA==}
    engines: {node: '>= 10'}
    cpu: [arm64]
    os: [darwin]

  '@next/swc-darwin-x64@14.3.0-canary.14':
    resolution: {integrity: sha512-G7xo1RiSaJiWv32oitpgcx8ulp0WlmE750nUWaz2sjJKjppA11PfaojrH/Wi4YF+SxIa+BCZbNPjMN1/+WHuaQ==}
    engines: {node: '>= 10'}
    cpu: [x64]
    os: [darwin]

  '@next/swc-linux-arm64-gnu@14.3.0-canary.14':
    resolution: {integrity: sha512-pUsuBlzHJETsBEpzgXUncKST4WSt2BwPn/m1KiN2R+QzKxPUiM10OEHn/9srcfJN8qBCBXUWwOO4OD7HYX0isQ==}
    engines: {node: '>= 10'}
    cpu: [arm64]
    os: [linux]

  '@next/swc-linux-arm64-musl@14.3.0-canary.14':
    resolution: {integrity: sha512-FESb/iFoAKLDRf1dHzV+sacNipNRrgubhkB9L2sVEYAEkoHU9bCz7Fp9dQtgGtrCUHRwk+HwTpQgsx5Lhk+Qsg==}
    engines: {node: '>= 10'}
    cpu: [arm64]
    os: [linux]

  '@next/swc-linux-x64-gnu@14.3.0-canary.14':
    resolution: {integrity: sha512-7qDbSXW4/HdvNFq/BlkJ4ZQ6/YjCVWo/gKSeCgLvrFfzudOkr22nD89c+CMykeP8OCjDVHLZ9W56A1Si0uUdqQ==}
    engines: {node: '>= 10'}
    cpu: [x64]
    os: [linux]

  '@next/swc-linux-x64-musl@14.3.0-canary.14':
    resolution: {integrity: sha512-MzE683lj5CZ42iakstQEy1sYid0G2QVjKynfiXgw7E4fBbK01867P6T0z/EJp7gdNLT9rLlauJvsQ9BDvA3Vqw==}
    engines: {node: '>= 10'}
    cpu: [x64]
    os: [linux]

  '@next/swc-win32-arm64-msvc@14.3.0-canary.14':
    resolution: {integrity: sha512-WtPlG6XuwtieGdPAopyXKU5dg95McNKKN81mg+5i/V936mMAl4hPnb16FE7v24hYM7i2lcHTEEx7k+86GwIO9A==}
    engines: {node: '>= 10'}
    cpu: [arm64]
    os: [win32]

  '@next/swc-win32-ia32-msvc@14.3.0-canary.14':
    resolution: {integrity: sha512-nqIfZguKsDFeCtQogiebIfcT80IFLy+LW1OLSydSgDY113/ye3bhAhzh2eTFSguiHZMOF1GoaTZiGELoa5/X1Q==}
    engines: {node: '>= 10'}
    cpu: [ia32]
    os: [win32]

  '@next/swc-win32-x64-msvc@14.3.0-canary.14':
    resolution: {integrity: sha512-tKpdpvgH04C63pYMQ9YoUnT8CWPyauK9spXgeZ7iHA9gIOqULiGsd4UyRacPOrKbsycDWPwg83ZA8PUWeMITyg==}
    engines: {node: '>= 10'}
    cpu: [x64]
    os: [win32]

  '@swc/counter@0.1.3':
    resolution: {integrity: sha512-e2BR4lsJkkRlKZ/qCHPw9ZaSxc0MVUd7gtbtaB7aMvHeJVYe8sOB8DBZkP2DtISHGSku9sCK6T6cnY0CtXrOCQ==}

  '@swc/helpers@0.5.5':
    resolution: {integrity: sha512-KGYxvIOXcceOAbEk4bi/dVLEK9z8sZ0uBB3Il5b1rhfClSpcX0yfRO0KmTkqR2cnQDymwLB+25ZyMzICg/cm/A==}

  '@tailwindcss/oxide-android-arm64@4.0.0-alpha.14':
    resolution: {integrity: sha512-9ssgbWrn0VwcEtni5aBVrP/QXPWhpryXs4HJlqTz1HQTdjWHBF8bObBKxeixq3vVACLvjHm922jHirpvejiUYQ==}
    engines: {node: '>= 10'}
    cpu: [arm64]
    os: [android]

  '@tailwindcss/oxide-darwin-arm64@4.0.0-alpha.14':
    resolution: {integrity: sha512-TMbwZb2Jg5Xf0KtYRp0CoVzNdTrOGZkhPcdIPbqkHouzhtvynyd/iD6e4aCpm0RqPICg3MLguPu81kO3lEJu9g==}
    engines: {node: '>= 10'}
    cpu: [arm64]
    os: [darwin]

  '@tailwindcss/oxide-darwin-x64@4.0.0-alpha.14':
    resolution: {integrity: sha512-aOPlkpptgDmCRbbqqYYhotnFvVDMQ8x6VjRp2kDVNdEtzoCLClAjDutERIC7CGUusX796RvGPLgkKd8YWNi+8w==}
    engines: {node: '>= 10'}
    cpu: [x64]
    os: [darwin]

  '@tailwindcss/oxide-freebsd-x64@4.0.0-alpha.14':
    resolution: {integrity: sha512-YVgGduxowoA0qqTvsMZLfTAVm7mwwixlyuTTDyoQiQc4gXm3HhIamFTEiAY9xafUZysbdPMs+ITxXFb22SxIUg==}
    engines: {node: '>= 10'}
    cpu: [x64]
    os: [freebsd]

  '@tailwindcss/oxide-linux-arm-gnueabihf@4.0.0-alpha.14':
    resolution: {integrity: sha512-avhbIj1rsXX5VSGlv29wdbNumPjPz86IBmbTRbAbXV6PRqGIDPika/0TZGo3IDAaevsXU2xc1HkVqBeZ/Hj5AQ==}
    engines: {node: '>= 10'}
    cpu: [arm]
    os: [linux]

  '@tailwindcss/oxide-linux-arm64-gnu@4.0.0-alpha.14':
    resolution: {integrity: sha512-NQKcFIb3xii3CSusisWR/0EH1sJfvF6I90XGi+geTdHXv77bU/McpMshrtPMcMHkbQqVlJbnJ2ttDN+zae3lcA==}
    engines: {node: '>= 10'}
    cpu: [arm64]
    os: [linux]

  '@tailwindcss/oxide-linux-arm64-musl@4.0.0-alpha.14':
    resolution: {integrity: sha512-bUYWc/jA5Kx2pESuGO7gRA5L1Hy/Jo8/ERbs/Pq5aXdNN+lllh4OEKCCjb02GSQvj7jsmPt8OAJifcur7sYUdg==}
    engines: {node: '>= 10'}
    cpu: [arm64]
    os: [linux]

  '@tailwindcss/oxide-linux-x64-gnu@4.0.0-alpha.14':
    resolution: {integrity: sha512-+FCUYOLBU9KTCxAY2NNfVgsvJ1dbNfTuhV13iIsrXTuEvu/P69H8YJzoiNB5oTPPgrKnClVj/KWw9n+GycHvEQ==}
    engines: {node: '>= 10'}
    cpu: [x64]
    os: [linux]

  '@tailwindcss/oxide-linux-x64-musl@4.0.0-alpha.14':
    resolution: {integrity: sha512-zl3iXwC1of+7pCyByIvYpQ88JZrwfWT0dETfJHuWYSuO8NSjU93oQHFV79UZTYqD9XkUevrQBNQCd5s5/7QS8g==}
    engines: {node: '>= 10'}
    cpu: [x64]
    os: [linux]

  '@tailwindcss/oxide-win32-x64-msvc@4.0.0-alpha.14':
    resolution: {integrity: sha512-IKaiQO/XxpuCv7ZpVngMaJEoswCqM7ncByHY68YRXkNH1tBVJl1H2Hz/jej7ziBlvEDvBY4qFgeJJAhh/tOiMQ==}
    engines: {node: '>= 10'}
    cpu: [x64]
    os: [win32]

  '@tailwindcss/oxide@4.0.0-alpha.14':
    resolution: {integrity: sha512-KpYsgwFd1I9UeqoCtBF62KXYKkp1RuxJm26M0EGTHVvUV+Cln0KZaouKJ1/7mqH8hD/TrzIwX5cGVMb2ShM4Qg==}
    engines: {node: '>= 10'}

  '@tailwindcss/postcss@4.0.0-alpha.14':
    resolution: {integrity: sha512-yDg66USPsVPd9rKTmUx57KaY611U4ifk3799dMGfp7EsPLgyQPgNphGsuNuvyjD0ATQ9JXEX4oIoclm4rLxN7Q==}

  '@types/node@20.12.7':
    resolution: {integrity: sha512-wq0cICSkRLVaf3UGLMGItu/PtdY7oaXaI/RVU+xliKVOtRna3PRY57ZDfztpDL0n11vfymMUnXv8QwYCO7L1wg==}

  '@types/prop-types@15.7.12':
    resolution: {integrity: sha512-5zvhXYtRNRluoE/jAp4GVsSduVUzNWKkOZrCDBWYtE7biZywwdC2AcEzg+cSMLFRfVgeAFqpfNabiPjxFddV1Q==}

  '@types/react-dom@18.2.25':
    resolution: {integrity: sha512-o/V48vf4MQh7juIKZU2QGDfli6p1+OOi5oXx36Hffpc9adsHeXjVp8rHuPkjd8VT8sOJ2Zp05HR7CdpGTIUFUA==}

  '@types/react@18.2.79':
    resolution: {integrity: sha512-RwGAGXPl9kSXwdNTafkOEuFrTBD5SA2B3iEB96xi8+xu5ddUa/cpvyVCSNn+asgLCTHkb5ZxN8gbuibYJi4s1w==}

  autoprefixer@10.4.19:
    resolution: {integrity: sha512-BaENR2+zBZ8xXhM4pUaKUxlVdxZ0EZhjvbopwnXmxRUfqDmwSpC2lAi/QXvx7NRdPCo1WKEcEF6mV64si1z4Ew==}
    engines: {node: ^10 || ^12 || >=14}
    hasBin: true
    peerDependencies:
      postcss: ^8.1.0

  browserslist@4.23.0:
    resolution: {integrity: sha512-QW8HiM1shhT2GuzkvklfjcKDiWFXHOeFCIA/huJPwHsslwcydgk7X+z2zXpEijP98UCY7HbubZt5J2Zgvf0CaQ==}
    engines: {node: ^6 || ^7 || ^8 || ^9 || ^10 || ^11 || ^12 || >=13.7}
    hasBin: true

  busboy@1.6.0:
    resolution: {integrity: sha512-8SFQbg/0hQ9xy3UNTB0YEnsNBbWfhf7RtnzpL7TkBiTBRfrQ9Fxcnz7VJsleJpyp6rVLvXiuORqjlHi5q+PYuA==}
    engines: {node: '>=10.16.0'}

  caniuse-lite@1.0.30001611:
    resolution: {integrity: sha512-19NuN1/3PjA3QI8Eki55N8my4LzfkMCRLgCVfrl/slbSAchQfV0+GwjPrK3rq37As4UCLlM/DHajbKkAqbv92Q==}

  client-only@0.0.1:
    resolution: {integrity: sha512-IV3Ou0jSMzZrd3pZ48nLkT9DA7Ag1pnPzaiQhpW7c3RbcqqzvzzVu+L8gfqMp/8IM2MQtSiqaCxrrcfu8I8rMA==}

  csstype@3.1.3:
    resolution: {integrity: sha512-M1uQkMl8rQK/szD0LNhtqxIPLpimGm8sOBwU7lLnCpSbTyY3yeU1Vc7l4KT5zT4s/yOxHH5O7tIuuLOCnLADRw==}

  detect-libc@1.0.3:
    resolution: {integrity: sha512-pGjwhsmsp4kL2RTz08wcOlGN83otlqHeD/Z5T8GXZB+/YcpQ/dgo+lbU8ZsGxV0HIvqqxo9l7mqYwyYMD9bKDg==}
    engines: {node: '>=0.10'}
    hasBin: true

  electron-to-chromium@1.4.745:
    resolution: {integrity: sha512-tRbzkaRI5gbUn5DEvF0dV4TQbMZ5CLkWeTAXmpC9IrYT+GE+x76i9p+o3RJ5l9XmdQlI1pPhVtE9uNcJJ0G0EA==}

  escalade@3.1.2:
    resolution: {integrity: sha512-ErCHMCae19vR8vQGe50xIsVomy19rg6gFu3+r3jkEO46suLMWBksvVyoGgQV+jOfl84ZSOSlmv6Gxa89PmTGmA==}
    engines: {node: '>=6'}

  fflate@0.4.8:
    resolution: {integrity: sha512-FJqqoDBR00Mdj9ppamLa/Y7vxm+PRmNWA67N846RvsoYVMKB4q3y/de5PA7gUmRMYK/8CMz2GDZQmCRN1wBcWA==}

  fraction.js@4.3.7:
    resolution: {integrity: sha512-ZsDfxO51wGAXREY55a7la9LScWpwv9RxIrYABrlvOFBlH/ShPnrtsXeuUIfXKKOVicNxQ+o8JTbJvjS4M89yew==}

  framer-motion@11.1.7:
    resolution: {integrity: sha512-cW11Pu53eDAXUEhv5hEiWuIXWhfkbV32PlgVISn7jRdcAiVrJ1S03YQQ0/DzoswGYYwKi4qYmHHjCzAH52eSdQ==}
    peerDependencies:
      '@emotion/is-prop-valid': '*'
      react: ^18.0.0
      react-dom: ^18.0.0
    peerDependenciesMeta:
      '@emotion/is-prop-valid':
        optional: true
      react:
        optional: true
      react-dom:
        optional: true

  function-bind@1.1.2:
    resolution: {integrity: sha512-7XHNxH7qX9xG5mIwxkhumTox/MIRNcOgDrxWsMt2pAr23WHp6MrRlN7FBSFpCpr+oVO0F744iUgR82nJMfG2SA==}

  graceful-fs@4.2.11:
    resolution: {integrity: sha512-RbJ5/jmFcNNCcDV5o9eTnBLJ/HszWV0P73bc+Ff4nS/rJj+YaS6IGyiOL0VoBYX+l1Wrl3k63h/KrH+nhJ0XvQ==}

  hasown@2.0.2:
    resolution: {integrity: sha512-0hJU9SCPvmMzIBdZFqNPXWa6dqh7WdH0cII9y+CyS8rG3nL48Bclra9HmKhVVUHyPWNH5Y7xDwAB7bfgSjkUMQ==}
    engines: {node: '>= 0.4'}

  is-core-module@2.13.1:
    resolution: {integrity: sha512-hHrIjvZsftOsvKSn2TRYl63zvxsgE0K+0mYMoH6gD4omR5IWB2KynivBQczo3+wF1cCkjzvptnI9Q0sPU66ilw==}

  js-tokens@4.0.0:
    resolution: {integrity: sha512-RdJUflcE3cUzKiMqQgsCu06FPu9UdIJO0beYbPhHN4k6apgJtifcoCtT9bcxOpYBtpD2kCM6Sbzg4CausW/PKQ==}

  lightningcss-darwin-arm64@1.24.1:
    resolution: {integrity: sha512-1jQ12jBy+AE/73uGQWGSafK5GoWgmSiIQOGhSEXiFJSZxzV+OXIx+a9h2EYHxdJfX864M+2TAxWPWb0Vv+8y4w==}
    engines: {node: '>= 12.0.0'}
    cpu: [arm64]
    os: [darwin]

  lightningcss-darwin-x64@1.24.1:
    resolution: {integrity: sha512-R4R1d7VVdq2mG4igMU+Di8GPf0b64ZLnYVkubYnGG0Qxq1KaXQtAzcLI43EkpnoWvB/kUg8JKCWH4S13NfiLcQ==}
    engines: {node: '>= 12.0.0'}
    cpu: [x64]
    os: [darwin]

  lightningcss-freebsd-x64@1.24.1:
    resolution: {integrity: sha512-z6NberUUw5ALES6Ixn2shmjRRrM1cmEn1ZQPiM5IrZ6xHHL5a1lPin9pRv+w6eWfcrEo+qGG6R9XfJrpuY3e4g==}
    engines: {node: '>= 12.0.0'}
    cpu: [x64]
    os: [freebsd]

  lightningcss-linux-arm-gnueabihf@1.24.1:
    resolution: {integrity: sha512-NLQLnBQW/0sSg74qLNI8F8QKQXkNg4/ukSTa+XhtkO7v3BnK19TS1MfCbDHt+TTdSgNEBv0tubRuapcKho2EWw==}
    engines: {node: '>= 12.0.0'}
    cpu: [arm]
    os: [linux]

  lightningcss-linux-arm64-gnu@1.24.1:
    resolution: {integrity: sha512-AQxWU8c9E9JAjAi4Qw9CvX2tDIPjgzCTrZCSXKELfs4mCwzxRkHh2RCxX8sFK19RyJoJAjA/Kw8+LMNRHS5qEg==}
    engines: {node: '>= 12.0.0'}
    cpu: [arm64]
    os: [linux]

  lightningcss-linux-arm64-musl@1.24.1:
    resolution: {integrity: sha512-JCgH/SrNrhqsguUA0uJUM1PvN5+dVuzPIlXcoWDHSv2OU/BWlj2dUYr3XNzEw748SmNZPfl2NjQrAdzaPOn1lA==}
    engines: {node: '>= 12.0.0'}
    cpu: [arm64]
    os: [linux]

  lightningcss-linux-x64-gnu@1.24.1:
    resolution: {integrity: sha512-TYdEsC63bHV0h47aNRGN3RiK7aIeco3/keN4NkoSQ5T8xk09KHuBdySltWAvKLgT8JvR+ayzq8ZHnL1wKWY0rw==}
    engines: {node: '>= 12.0.0'}
    cpu: [x64]
    os: [linux]

  lightningcss-linux-x64-musl@1.24.1:
    resolution: {integrity: sha512-HLfzVik3RToot6pQ2Rgc3JhfZkGi01hFetHt40HrUMoeKitLoqUUT5owM6yTZPTytTUW9ukLBJ1pc3XNMSvlLw==}
    engines: {node: '>= 12.0.0'}
    cpu: [x64]
    os: [linux]

  lightningcss-win32-x64-msvc@1.24.1:
    resolution: {integrity: sha512-joEupPjYJ7PjZtDsS5lzALtlAudAbgIBMGJPNeFe5HfdmJXFd13ECmEM+5rXNxYVMRHua2w8132R6ab5Z6K9Ow==}
    engines: {node: '>= 12.0.0'}
    cpu: [x64]
    os: [win32]

  lightningcss@1.24.1:
    resolution: {integrity: sha512-kUpHOLiH5GB0ERSv4pxqlL0RYKnOXtgGtVe7shDGfhS0AZ4D1ouKFYAcLcZhql8aMspDNzaUCumGHZ78tb2fTg==}
    engines: {node: '>= 12.0.0'}

  loose-envify@1.4.0:
    resolution: {integrity: sha512-lyuxPGr/Wfhrlem2CL/UcnUc1zcqKAImBDzukY7Y5F/yQiNdko6+fRLevlw1HgMySw7f611UIY408EtxRSoK3Q==}
    hasBin: true

  nanoid@3.3.7:
    resolution: {integrity: sha512-eSRppjcPIatRIMC1U6UngP8XFcz8MQWGQdt1MTBQ7NaAmvXDfvNxbvWV3x2y6CdEUciCSsDHDQZbhYaB8QEo2g==}
    engines: {node: ^10 || ^12 || ^13.7 || ^14 || >=15.0.1}
    hasBin: true

  next@14.3.0-canary.14:
    resolution: {integrity: sha512-h2b2dnUrLgsgUcU07ftJ1a5VcBnHRjUCPzgUSBBySlyl6e6kQHZYPnTtDSwLBAtgj4bk+abMtemjUwX9MPgM9w==}
    engines: {node: '>=18.17.0'}
    hasBin: true
    peerDependencies:
      '@opentelemetry/api': ^1.1.0
      '@playwright/test': ^1.41.2
      react: ^18.2.0
      react-dom: ^18.2.0
      sass: ^1.3.0
    peerDependenciesMeta:
      '@opentelemetry/api':
        optional: true
      '@playwright/test':
        optional: true
      sass:
        optional: true

  node-releases@2.0.14:
    resolution: {integrity: sha512-y10wOWt8yZpqXmOgRo77WaHEmhYQYGNA6y421PKsKYWEK8aW+cqAphborZDhqfyKrbZEN92CN1X2KbafY2s7Yw==}

  normalize-range@0.1.2:
    resolution: {integrity: sha512-bdok/XvKII3nUpklnV6P2hxtMNrCboOjAcyBuQnWEhO665FwrSNRxU+AqpsyvO6LgGYPspN+lu5CLtw4jPRKNA==}
    engines: {node: '>=0.10.0'}

  path-parse@1.0.7:
    resolution: {integrity: sha512-LDJzPVEEEPR+y48z93A0Ed0yXb8pAByGWo/k5YYdYgpY2/2EsOsksJrq7lOHxryrVOn1ejG6oAp8ahvOIQD8sw==}

  picocolors@1.0.0:
    resolution: {integrity: sha512-1fygroTLlHu66zi26VoTDv8yRgm0Fccecssto+MhsZ0D/DGW2sm8E8AjW7NU5VVTRt5GxbeZ5qBuJr+HyLYkjQ==}

  pify@2.3.0:
    resolution: {integrity: sha512-udgsAY+fTnvv7kI7aaxbqwWNb0AHiB0qBO89PZKPkoTmGOgdbrHDKD+0B2X4uTfJ/FT1R09r9gTsjUjNJotuog==}
    engines: {node: '>=0.10.0'}

  postcss-import@16.1.0:
    resolution: {integrity: sha512-7hsAZ4xGXl4MW+OKEWCnF6T5jqBw80/EE9aXg1r2yyn1RsVEU8EtKXbijEODa+rg7iih4bKf7vlvTGYR4CnPNg==}
    engines: {node: '>=18.0.0'}
    peerDependencies:
      postcss: ^8.0.0

  postcss-value-parser@4.2.0:
    resolution: {integrity: sha512-1NNCs6uurfkVbeXG4S8JFT9t19m45ICnif8zWLd5oPSZ50QnwMfK+H3jv408d4jw/7Bttv5axS5IiHoLaVNHeQ==}

  postcss@8.4.31:
    resolution: {integrity: sha512-PS08Iboia9mts/2ygV3eLpY5ghnUcfLV/EXTOW1E2qYxJKGGBUtNjN76FYHnMs36RmARn41bC0AZmn+rR0OVpQ==}
    engines: {node: ^10 || ^12 || >=14}

  postcss@8.4.38:
    resolution: {integrity: sha512-Wglpdk03BSfXkHoQa3b/oulrotAkwrlLDRSOb9D0bN86FdRyE9lppSp33aHNPgBa0JKCoB+drFLZkQoRRYae5A==}
    engines: {node: ^10 || ^12 || >=14}

  posthog-js@1.128.1:
    resolution: {integrity: sha512-+CIiZf+ijhgAF8g6K+PfaDbSBiADfRaXzrlYKmu5IEN8ghunFd06EV5QM68cwLUEkti4FXn7AAM3k9/KxJgvcA==}

  preact@10.20.2:
    resolution: {integrity: sha512-S1d1ernz3KQ+Y2awUxKakpfOg2CEmJmwOP+6igPx6dgr6pgDvenqYviyokWso2rhHvGtTlWWnJDa7RaPbQerTg==}

  react-dom@18.2.0:
    resolution: {integrity: sha512-6IMTriUmvsjHUjNtEDudZfuDQUoWXVxKHhlEGSk81n4YFS+r/Kl99wXiwlVXtPBtJenozv2P+hxDsw9eA7Xo6g==}
    peerDependencies:
      react: ^18.2.0

  react@18.2.0:
    resolution: {integrity: sha512-/3IjMdb2L9QbBdWiW5e3P2/npwMBaU9mHCSCUzNln0ZCYbcfTsGbTJrU/kGemdH2IWmB2ioZ+zkxtmq6g09fGQ==}
    engines: {node: '>=0.10.0'}

  read-cache@1.0.0:
    resolution: {integrity: sha512-Owdv/Ft7IjOgm/i0xvNDZ1LrRANRfew4b2prF3OWMQLxLfu3bS8FVhCsrSCMK4lR56Y9ya+AThoTpDCTxCmpRA==}

  resolve@1.22.8:
    resolution: {integrity: sha512-oKWePCxqpd6FlLvGV1VU0x7bkPmmCNolxzjMf4NczoDnQcIWrAF+cPtZn5i6n+RfD2d9i0tzpKnG6Yk168yIyw==}
    hasBin: true

  scheduler@0.23.0:
    resolution: {integrity: sha512-CtuThmgHNg7zIZWAXi3AsyIzA3n4xx7aNyjwC2VJldO2LMVDhFK+63xGqq6CsJH4rTAt6/M+N4GhZiDYPx9eUw==}

  source-map-js@1.2.0:
    resolution: {integrity: sha512-itJW8lvSA0TXEphiRoawsCksnlf8SyvmFzIhltqAHluXd88pkCd+cXJVHTDwdCr0IzwptSm035IHQktUu1QUMg==}
    engines: {node: '>=0.10.0'}

  streamsearch@1.1.0:
    resolution: {integrity: sha512-Mcc5wHehp9aXz1ax6bZUyY5afg9u2rv5cqQI3mRrYkGC8rW2hM02jWuwjtL++LS5qinSyhj2QfLyNsuc+VsExg==}
    engines: {node: '>=10.0.0'}

  styled-jsx@5.1.1:
    resolution: {integrity: sha512-pW7uC1l4mBZ8ugbiZrcIsiIvVx1UmTfw7UkC3Um2tmfUq9Bhk8IiyEIPl6F8agHgjzku6j0xQEZbfA5uSgSaCw==}
    engines: {node: '>= 12.0.0'}
    peerDependencies:
      '@babel/core': '*'
      babel-plugin-macros: '*'
      react: '>= 16.8.0 || 17.x.x || ^18.0.0-0'
    peerDependenciesMeta:
      '@babel/core':
        optional: true
      babel-plugin-macros:
        optional: true

  supports-preserve-symlinks-flag@1.0.0:
    resolution: {integrity: sha512-ot0WnXS9fgdkgIcePe6RHNk1WA8+muPa6cSjeR3V8K27q9BB1rTE3R1p7Hv0z1ZyAc8s6Vvv8DIyWf681MAt0w==}
    engines: {node: '>= 0.4'}

  tailwindcss@4.0.0-alpha.14:
    resolution: {integrity: sha512-7qAhQPrsWyaaDk0IjOEhTEdgDWsN0MjB3kk38DxK5vXqPJ7C57FYlARA6vrE36WL0K/mYdAA54vWJbWbDfoVcQ==}

  tslib@2.6.2:
    resolution: {integrity: sha512-AEYxH93jGFPn/a2iVAwW87VuUIkR1FVUKB77NwMF7nBTDkDrrT/Hpt/IrCJ0QXhW27jTBDcf5ZY7w6RiqTMw2Q==}

  typescript@5.4.5:
    resolution: {integrity: sha512-vcI4UpRgg81oIRUFwR0WSIHKt11nJ7SAVlYNIu+QpqeyXP+gpQJy/Z4+F0aGxSE4MqwjyXvW/TzgkLAx2AGHwQ==}
    engines: {node: '>=14.17'}
    hasBin: true

  undici-types@5.26.5:
    resolution: {integrity: sha512-JlCMO+ehdEIKqlFxk6IfVoAUVmgz7cU7zD/h9XZ0qzeosSHmUJVOzSQvvYSYWXkFXC+IfLKSIffhv0sVZup6pA==}

  update-browserslist-db@1.0.13:
    resolution: {integrity: sha512-xebP81SNcPuNpPP3uzeW1NYXxI3rxyJzF3pD6sH4jE7o/IX+WtSpwnVU+qIsDPyk0d3hmFQ7mjqc6AtV604hbg==}
    hasBin: true
    peerDependencies:
      browserslist: '>= 4.21.0'

snapshots:

  '@biomejs/biome@1.7.2':
    optionalDependencies:
      '@biomejs/cli-darwin-arm64': 1.7.2
      '@biomejs/cli-darwin-x64': 1.7.2
      '@biomejs/cli-linux-arm64': 1.7.2
      '@biomejs/cli-linux-arm64-musl': 1.7.2
      '@biomejs/cli-linux-x64': 1.7.2
      '@biomejs/cli-linux-x64-musl': 1.7.2
      '@biomejs/cli-win32-arm64': 1.7.2
      '@biomejs/cli-win32-x64': 1.7.2

  '@biomejs/cli-darwin-arm64@1.7.2':
    optional: true

  '@biomejs/cli-darwin-x64@1.7.2':
    optional: true

  '@biomejs/cli-linux-arm64-musl@1.7.2':
    optional: true

  '@biomejs/cli-linux-arm64@1.7.2':
    optional: true

  '@biomejs/cli-linux-x64-musl@1.7.2':
    optional: true

  '@biomejs/cli-linux-x64@1.7.2':
    optional: true

  '@biomejs/cli-win32-arm64@1.7.2':
    optional: true

  '@biomejs/cli-win32-x64@1.7.2':
    optional: true

  '@next/env@14.3.0-canary.14': {}

  '@next/swc-darwin-arm64@14.3.0-canary.14':
    optional: true

  '@next/swc-darwin-x64@14.3.0-canary.14':
    optional: true

  '@next/swc-linux-arm64-gnu@14.3.0-canary.14':
    optional: true

  '@next/swc-linux-arm64-musl@14.3.0-canary.14':
    optional: true

  '@next/swc-linux-x64-gnu@14.3.0-canary.14':
    optional: true

  '@next/swc-linux-x64-musl@14.3.0-canary.14':
    optional: true

  '@next/swc-win32-arm64-msvc@14.3.0-canary.14':
    optional: true

  '@next/swc-win32-ia32-msvc@14.3.0-canary.14':
    optional: true

  '@next/swc-win32-x64-msvc@14.3.0-canary.14':
    optional: true

  '@swc/counter@0.1.3': {}

  '@swc/helpers@0.5.5':
    dependencies:
      '@swc/counter': 0.1.3
      tslib: 2.6.2

  '@tailwindcss/oxide-android-arm64@4.0.0-alpha.14':
    optional: true

  '@tailwindcss/oxide-darwin-arm64@4.0.0-alpha.14':
    optional: true

  '@tailwindcss/oxide-darwin-x64@4.0.0-alpha.14':
    optional: true

  '@tailwindcss/oxide-freebsd-x64@4.0.0-alpha.14':
    optional: true

  '@tailwindcss/oxide-linux-arm-gnueabihf@4.0.0-alpha.14':
    optional: true

  '@tailwindcss/oxide-linux-arm64-gnu@4.0.0-alpha.14':
    optional: true

  '@tailwindcss/oxide-linux-arm64-musl@4.0.0-alpha.14':
    optional: true

  '@tailwindcss/oxide-linux-x64-gnu@4.0.0-alpha.14':
    optional: true

  '@tailwindcss/oxide-linux-x64-musl@4.0.0-alpha.14':
    optional: true

  '@tailwindcss/oxide-win32-x64-msvc@4.0.0-alpha.14':
    optional: true

  '@tailwindcss/oxide@4.0.0-alpha.14':
    optionalDependencies:
      '@tailwindcss/oxide-android-arm64': 4.0.0-alpha.14
      '@tailwindcss/oxide-darwin-arm64': 4.0.0-alpha.14
      '@tailwindcss/oxide-darwin-x64': 4.0.0-alpha.14
      '@tailwindcss/oxide-freebsd-x64': 4.0.0-alpha.14
      '@tailwindcss/oxide-linux-arm-gnueabihf': 4.0.0-alpha.14
      '@tailwindcss/oxide-linux-arm64-gnu': 4.0.0-alpha.14
      '@tailwindcss/oxide-linux-arm64-musl': 4.0.0-alpha.14
      '@tailwindcss/oxide-linux-x64-gnu': 4.0.0-alpha.14
      '@tailwindcss/oxide-linux-x64-musl': 4.0.0-alpha.14
      '@tailwindcss/oxide-win32-x64-msvc': 4.0.0-alpha.14

  '@tailwindcss/postcss@4.0.0-alpha.14(postcss@8.4.38)':
    dependencies:
      '@tailwindcss/oxide': 4.0.0-alpha.14
      lightningcss: 1.24.1
      postcss-import: 16.1.0(postcss@8.4.38)
      tailwindcss: 4.0.0-alpha.14
    transitivePeerDependencies:
      - postcss

  '@types/node@20.12.7':
    dependencies:
      undici-types: 5.26.5

  '@types/prop-types@15.7.12': {}

  '@types/react-dom@18.2.25':
    dependencies:
      '@types/react': 18.2.79

  '@types/react@18.2.79':
    dependencies:
      '@types/prop-types': 15.7.12
      csstype: 3.1.3

  autoprefixer@10.4.19(postcss@8.4.38):
    dependencies:
      browserslist: 4.23.0
      caniuse-lite: 1.0.30001611
      fraction.js: 4.3.7
      normalize-range: 0.1.2
      picocolors: 1.0.0
      postcss: 8.4.38
      postcss-value-parser: 4.2.0

  browserslist@4.23.0:
    dependencies:
      caniuse-lite: 1.0.30001611
      electron-to-chromium: 1.4.745
      node-releases: 2.0.14
      update-browserslist-db: 1.0.13(browserslist@4.23.0)

  busboy@1.6.0:
    dependencies:
      streamsearch: 1.1.0

  caniuse-lite@1.0.30001611: {}

  client-only@0.0.1: {}

  csstype@3.1.3: {}

  detect-libc@1.0.3: {}

  electron-to-chromium@1.4.745: {}

  escalade@3.1.2: {}

  fflate@0.4.8: {}

  fraction.js@4.3.7: {}

  framer-motion@11.1.7(react-dom@18.2.0(react@18.2.0))(react@18.2.0):
    dependencies:
      tslib: 2.6.2
    optionalDependencies:
      react: 18.2.0
      react-dom: 18.2.0(react@18.2.0)

  function-bind@1.1.2: {}

  graceful-fs@4.2.11: {}

  hasown@2.0.2:
    dependencies:
      function-bind: 1.1.2

  is-core-module@2.13.1:
    dependencies:
      hasown: 2.0.2

  js-tokens@4.0.0: {}

  lightningcss-darwin-arm64@1.24.1:
    optional: true

  lightningcss-darwin-x64@1.24.1:
    optional: true

  lightningcss-freebsd-x64@1.24.1:
    optional: true

  lightningcss-linux-arm-gnueabihf@1.24.1:
    optional: true

  lightningcss-linux-arm64-gnu@1.24.1:
    optional: true

  lightningcss-linux-arm64-musl@1.24.1:
    optional: true

  lightningcss-linux-x64-gnu@1.24.1:
    optional: true

  lightningcss-linux-x64-musl@1.24.1:
    optional: true

  lightningcss-win32-x64-msvc@1.24.1:
    optional: true

  lightningcss@1.24.1:
    dependencies:
      detect-libc: 1.0.3
    optionalDependencies:
      lightningcss-darwin-arm64: 1.24.1
      lightningcss-darwin-x64: 1.24.1
      lightningcss-freebsd-x64: 1.24.1
      lightningcss-linux-arm-gnueabihf: 1.24.1
      lightningcss-linux-arm64-gnu: 1.24.1
      lightningcss-linux-arm64-musl: 1.24.1
      lightningcss-linux-x64-gnu: 1.24.1
      lightningcss-linux-x64-musl: 1.24.1
      lightningcss-win32-x64-msvc: 1.24.1

  loose-envify@1.4.0:
    dependencies:
      js-tokens: 4.0.0

  nanoid@3.3.7: {}

  next@14.3.0-canary.14(react-dom@18.2.0(react@18.2.0))(react@18.2.0):
    dependencies:
      '@next/env': 14.3.0-canary.14
      '@swc/helpers': 0.5.5
      busboy: 1.6.0
      caniuse-lite: 1.0.30001611
      graceful-fs: 4.2.11
      postcss: 8.4.31
      react: 18.2.0
      react-dom: 18.2.0(react@18.2.0)
      styled-jsx: 5.1.1(react@18.2.0)
    optionalDependencies:
      '@next/swc-darwin-arm64': 14.3.0-canary.14
      '@next/swc-darwin-x64': 14.3.0-canary.14
      '@next/swc-linux-arm64-gnu': 14.3.0-canary.14
      '@next/swc-linux-arm64-musl': 14.3.0-canary.14
      '@next/swc-linux-x64-gnu': 14.3.0-canary.14
      '@next/swc-linux-x64-musl': 14.3.0-canary.14
      '@next/swc-win32-arm64-msvc': 14.3.0-canary.14
      '@next/swc-win32-ia32-msvc': 14.3.0-canary.14
      '@next/swc-win32-x64-msvc': 14.3.0-canary.14
    transitivePeerDependencies:
      - '@babel/core'
      - babel-plugin-macros

  node-releases@2.0.14: {}

  normalize-range@0.1.2: {}

  path-parse@1.0.7: {}

  picocolors@1.0.0: {}

  pify@2.3.0: {}

  postcss-import@16.1.0(postcss@8.4.38):
    dependencies:
      postcss: 8.4.38
      postcss-value-parser: 4.2.0
      read-cache: 1.0.0
      resolve: 1.22.8

  postcss-value-parser@4.2.0: {}

  postcss@8.4.31:
    dependencies:
      nanoid: 3.3.7
      picocolors: 1.0.0
      source-map-js: 1.2.0

  postcss@8.4.38:
    dependencies:
      nanoid: 3.3.7
      picocolors: 1.0.0
      source-map-js: 1.2.0

  posthog-js@1.128.1:
    dependencies:
      fflate: 0.4.8
      preact: 10.20.2

  preact@10.20.2: {}

  react-dom@18.2.0(react@18.2.0):
    dependencies:
      loose-envify: 1.4.0
      react: 18.2.0
      scheduler: 0.23.0

  react@18.2.0:
    dependencies:
      loose-envify: 1.4.0

  read-cache@1.0.0:
    dependencies:
      pify: 2.3.0

  resolve@1.22.8:
    dependencies:
      is-core-module: 2.13.1
      path-parse: 1.0.7
      supports-preserve-symlinks-flag: 1.0.0

  scheduler@0.23.0:
    dependencies:
      loose-envify: 1.4.0

  source-map-js@1.2.0: {}

  streamsearch@1.1.0: {}

  styled-jsx@5.1.1(react@18.2.0):
    dependencies:
      client-only: 0.0.1
      react: 18.2.0

  supports-preserve-symlinks-flag@1.0.0: {}

  tailwindcss@4.0.0-alpha.14: {}

  tslib@2.6.2: {}

  typescript@5.4.5: {}

  undici-types@5.26.5: {}

  update-browserslist-db@1.0.13(browserslist@4.23.0):
    dependencies:
      browserslist: 4.23.0
      escalade: 3.1.2
      picocolors: 1.0.0
